
Microsoft Visual Studio Solution File, Format Version 12.00
# Visual Studio Version 16
VisualStudioVersion = 16.0.31424.327
MinimumVisualStudioVersion = 10.0.40219.1
Project("{2150E333-8FDC-42A3-9474-1A3956D46DE8}") = "Lesson_1", "Lesson_1", "{0DDF1508-45A0-4866-A9D8-4423722DDFC6}"
EndProject
Project("{2150E333-8FDC-42A3-9474-1A3956D46DE8}") = "Lesson_2", "Lesson_2", "{453757EE-4474-4299-8594-25FD1F66F5BD}"
EndProject
Project("{9A19103F-16F7-4668-BE54-9A1E7A4F7556}") = "SimpleConsoleProject", "Lesson_1\SimpleConsoleProject.csproj", "{E6381D9D-D5DC-4BB8-A42C-4E8179678259}"
EndProject

Project("{2150E333-8FDC-42A3-9474-1A3956D46DE8}") = "Lesson_4", "Lesson_4", "{63A49A69-6C2B-45AD-A3D3-AC1D811CA2F2}"
EndProject
Project("{FAE04EC0-301F-11D3-BF4B-00C04F79EFBC}") = "Task_1", "Lesson_4\Task_1\Task_1.csproj", "{37051C6D-FE16-4E69-BD4C-71937FA85883}"
EndProject
Project("{FAE04EC0-301F-11D3-BF4B-00C04F79EFBC}") = "Task_2", "Lesson_4\Task_2\Task_2.csproj", "{DD7D2263-FB00-4FD4-A6A4-5E98952D768B}"
EndProject
Project("{FAE04EC0-301F-11D3-BF4B-00C04F79EFBC}") = "Task_3", "Lesson_4\Task_3\Task_3.csproj", "{9643B246-2EC2-424E-A90B-5312DA541017}"
EndProject
Project("{FAE04EC0-301F-11D3-BF4B-00C04F79EFBC}") = "Task_4", "Lesson_4\Task_4\Task_4.csproj", "{98DE3ACD-F2AE-41CF-8C04-9FA6D9C78DE3}"
EndProject
Project("{FAE04EC0-301F-11D3-BF4B-00C04F79EFBC}") = "Task_5", "Lesson_4\Task_5\Task_5.csproj", "{F1678613-D564-4FF6-983A-1722D1AD544A}"

EndProject
Global
	GlobalSection(SolutionConfigurationPlatforms) = preSolution
		Debug|Any CPU = Debug|Any CPU
		Release|Any CPU = Release|Any CPU
	EndGlobalSection
	GlobalSection(ProjectConfigurationPlatforms) = postSolution
		{E6381D9D-D5DC-4BB8-A42C-4E8179678259}.Debug|Any CPU.ActiveCfg = Debug|Any CPU
		{E6381D9D-D5DC-4BB8-A42C-4E8179678259}.Debug|Any CPU.Build.0 = Debug|Any CPU
		{E6381D9D-D5DC-4BB8-A42C-4E8179678259}.Release|Any CPU.ActiveCfg = Release|Any CPU
		{E6381D9D-D5DC-4BB8-A42C-4E8179678259}.Release|Any CPU.Build.0 = Release|Any CPU

		{37051C6D-FE16-4E69-BD4C-71937FA85883}.Debug|Any CPU.ActiveCfg = Debug|Any CPU
		{37051C6D-FE16-4E69-BD4C-71937FA85883}.Debug|Any CPU.Build.0 = Debug|Any CPU
		{37051C6D-FE16-4E69-BD4C-71937FA85883}.Release|Any CPU.ActiveCfg = Release|Any CPU
		{37051C6D-FE16-4E69-BD4C-71937FA85883}.Release|Any CPU.Build.0 = Release|Any CPU
		{DD7D2263-FB00-4FD4-A6A4-5E98952D768B}.Debug|Any CPU.ActiveCfg = Debug|Any CPU
		{DD7D2263-FB00-4FD4-A6A4-5E98952D768B}.Debug|Any CPU.Build.0 = Debug|Any CPU
		{DD7D2263-FB00-4FD4-A6A4-5E98952D768B}.Release|Any CPU.ActiveCfg = Release|Any CPU
		{DD7D2263-FB00-4FD4-A6A4-5E98952D768B}.Release|Any CPU.Build.0 = Release|Any CPU
		{9643B246-2EC2-424E-A90B-5312DA541017}.Debug|Any CPU.ActiveCfg = Debug|Any CPU
		{9643B246-2EC2-424E-A90B-5312DA541017}.Debug|Any CPU.Build.0 = Debug|Any CPU
		{9643B246-2EC2-424E-A90B-5312DA541017}.Release|Any CPU.ActiveCfg = Release|Any CPU
		{9643B246-2EC2-424E-A90B-5312DA541017}.Release|Any CPU.Build.0 = Release|Any CPU
		{98DE3ACD-F2AE-41CF-8C04-9FA6D9C78DE3}.Debug|Any CPU.ActiveCfg = Debug|Any CPU
		{98DE3ACD-F2AE-41CF-8C04-9FA6D9C78DE3}.Debug|Any CPU.Build.0 = Debug|Any CPU
		{98DE3ACD-F2AE-41CF-8C04-9FA6D9C78DE3}.Release|Any CPU.ActiveCfg = Release|Any CPU
		{98DE3ACD-F2AE-41CF-8C04-9FA6D9C78DE3}.Release|Any CPU.Build.0 = Release|Any CPU
		{F1678613-D564-4FF6-983A-1722D1AD544A}.Debug|Any CPU.ActiveCfg = Debug|Any CPU
		{F1678613-D564-4FF6-983A-1722D1AD544A}.Debug|Any CPU.Build.0 = Debug|Any CPU
		{F1678613-D564-4FF6-983A-1722D1AD544A}.Release|Any CPU.ActiveCfg = Release|Any CPU
		{F1678613-D564-4FF6-983A-1722D1AD544A}.Release|Any CPU.Build.0 = Release|Any CPU

	EndGlobalSection
	GlobalSection(SolutionProperties) = preSolution
		HideSolutionNode = FALSE
	EndGlobalSection
	GlobalSection(NestedProjects) = preSolution
		{E6381D9D-D5DC-4BB8-A42C-4E8179678259} = {0DDF1508-45A0-4866-A9D8-4423722DDFC6}

		{37051C6D-FE16-4E69-BD4C-71937FA85883} = {63A49A69-6C2B-45AD-A3D3-AC1D811CA2F2}
		{DD7D2263-FB00-4FD4-A6A4-5E98952D768B} = {63A49A69-6C2B-45AD-A3D3-AC1D811CA2F2}
		{9643B246-2EC2-424E-A90B-5312DA541017} = {63A49A69-6C2B-45AD-A3D3-AC1D811CA2F2}
		{98DE3ACD-F2AE-41CF-8C04-9FA6D9C78DE3} = {63A49A69-6C2B-45AD-A3D3-AC1D811CA2F2}
		{F1678613-D564-4FF6-983A-1722D1AD544A} = {63A49A69-6C2B-45AD-A3D3-AC1D811CA2F2}
	EndGlobalSection
	GlobalSection(ExtensibilityGlobals) = postSolution
		SolutionGuid = {11C3FB54-BCDA-4642-AFBC-4957C100A190}
	EndGlobalSection
EndGlobal
