
Microsoft Visual Studio Solution File, Format Version 12.00
# Visual Studio Version 16
VisualStudioVersion = 16.0.31424.327
MinimumVisualStudioVersion = 10.0.40219.1
Project("{2150E333-8FDC-42A3-9474-1A3956D46DE8}") = "Lesson_1", "Lesson_1", "{0DDF1508-45A0-4866-A9D8-4423722DDFC6}"
EndProject
Project("{2150E333-8FDC-42A3-9474-1A3956D46DE8}") = "Lesson_2", "Lesson_2", "{453757EE-4474-4299-8594-25FD1F66F5BD}"
EndProject
Project("{9A19103F-16F7-4668-BE54-9A1E7A4F7556}") = "SimpleConsoleProject", "Lesson_1\SimpleConsoleProject.csproj", "{E6381D9D-D5DC-4BB8-A42C-4E8179678259}"
EndProject
Project("{9A19103F-16F7-4668-BE54-9A1E7A4F7556}") = "Task_1", "Lesson_2\Task_1\Task_1.csproj", "{3EEA1ADA-CBE0-40EE-BE95-6ABE2176FF27}"
EndProject
Project("{9A19103F-16F7-4668-BE54-9A1E7A4F7556}") = "Task_2", "Lesson_2\Task_2\Task_2.csproj", "{4FD1299A-5951-4D45-A0C8-E0777098A85D}"
EndProject
Project("{9A19103F-16F7-4668-BE54-9A1E7A4F7556}") = "Task_3", "Lesson_2\Task_3\Task_3.csproj", "{76E2B832-C534-40D2-B35B-C78549A89B11}"
EndProject
Project("{9A19103F-16F7-4668-BE54-9A1E7A4F7556}") = "Task_4", "Lesson_2\Task_4\Task_4.csproj", "{3041EDC7-477A-4787-A5E3-C9C9A5F208C6}"
EndProject
Project("{FAE04EC0-301F-11D3-BF4B-00C04F79EFBC}") = "Task_5", "Lesson_2\Task_5\Task_5.csproj", "{C1EFE3C4-D238-4EEE-A1BE-A3976D248A51}"
EndProject
Project("{FAE04EC0-301F-11D3-BF4B-00C04F79EFBC}") = "Task_6", "Lesson_2\Task_6\Task_6.csproj", "{F0748F71-FD9F-4F64-82B9-C6C4E1DEBC16}"
EndProject
Project("{2150E333-8FDC-42A3-9474-1A3956D46DE8}") = "Lesson_3", "Lesson_3", "{8FCF061B-AFF3-4786-AC21-2ABB7A83BCB5}"
EndProject
Project("{9A19103F-16F7-4668-BE54-9A1E7A4F7556}") = "Task_2", "Lesson_3\Task_2\Task_2.csproj", "{797B193E-5E5F-4FBD-BF98-74B36AA5929E}"
EndProject
Project("{FAE04EC0-301F-11D3-BF4B-00C04F79EFBC}") = "Task_1", "Lesson_3\Task_1\Task_1.csproj", "{BEFA4821-B89E-4172-BEA0-E0D5AA4B5FCE}"
EndProject
Project("{FAE04EC0-301F-11D3-BF4B-00C04F79EFBC}") = "Task_3", "Lesson_3\Task_3\Task_3.csproj", "{59B66FD9-4AC1-48BD-956D-F2135C81E087}"
EndProject
Project("{FAE04EC0-301F-11D3-BF4B-00C04F79EFBC}") = "Task_4", "Lesson_3\Task_4\Task_4.csproj", "{E6B0FF75-0431-435A-8D41-322E560C5078}"
EndProject
Global
	GlobalSection(SolutionConfigurationPlatforms) = preSolution
		Debug|Any CPU = Debug|Any CPU
		Release|Any CPU = Release|Any CPU
	EndGlobalSection
	GlobalSection(ProjectConfigurationPlatforms) = postSolution
		{E6381D9D-D5DC-4BB8-A42C-4E8179678259}.Debug|Any CPU.ActiveCfg = Debug|Any CPU
		{E6381D9D-D5DC-4BB8-A42C-4E8179678259}.Debug|Any CPU.Build.0 = Debug|Any CPU
		{E6381D9D-D5DC-4BB8-A42C-4E8179678259}.Release|Any CPU.ActiveCfg = Release|Any CPU
		{E6381D9D-D5DC-4BB8-A42C-4E8179678259}.Release|Any CPU.Build.0 = Release|Any CPU
		{3EEA1ADA-CBE0-40EE-BE95-6ABE2176FF27}.Debug|Any CPU.ActiveCfg = Debug|Any CPU
		{3EEA1ADA-CBE0-40EE-BE95-6ABE2176FF27}.Debug|Any CPU.Build.0 = Debug|Any CPU
		{3EEA1ADA-CBE0-40EE-BE95-6ABE2176FF27}.Release|Any CPU.ActiveCfg = Release|Any CPU
		{3EEA1ADA-CBE0-40EE-BE95-6ABE2176FF27}.Release|Any CPU.Build.0 = Release|Any CPU
		{4FD1299A-5951-4D45-A0C8-E0777098A85D}.Debug|Any CPU.ActiveCfg = Debug|Any CPU
		{4FD1299A-5951-4D45-A0C8-E0777098A85D}.Debug|Any CPU.Build.0 = Debug|Any CPU
		{4FD1299A-5951-4D45-A0C8-E0777098A85D}.Release|Any CPU.ActiveCfg = Release|Any CPU
		{4FD1299A-5951-4D45-A0C8-E0777098A85D}.Release|Any CPU.Build.0 = Release|Any CPU
		{76E2B832-C534-40D2-B35B-C78549A89B11}.Debug|Any CPU.ActiveCfg = Debug|Any CPU
		{76E2B832-C534-40D2-B35B-C78549A89B11}.Debug|Any CPU.Build.0 = Debug|Any CPU
		{76E2B832-C534-40D2-B35B-C78549A89B11}.Release|Any CPU.ActiveCfg = Release|Any CPU
		{76E2B832-C534-40D2-B35B-C78549A89B11}.Release|Any CPU.Build.0 = Release|Any CPU
		{3041EDC7-477A-4787-A5E3-C9C9A5F208C6}.Debug|Any CPU.ActiveCfg = Debug|Any CPU
		{3041EDC7-477A-4787-A5E3-C9C9A5F208C6}.Debug|Any CPU.Build.0 = Debug|Any CPU
		{3041EDC7-477A-4787-A5E3-C9C9A5F208C6}.Release|Any CPU.ActiveCfg = Release|Any CPU
		{3041EDC7-477A-4787-A5E3-C9C9A5F208C6}.Release|Any CPU.Build.0 = Release|Any CPU
		{C1EFE3C4-D238-4EEE-A1BE-A3976D248A51}.Debug|Any CPU.ActiveCfg = Debug|Any CPU
		{C1EFE3C4-D238-4EEE-A1BE-A3976D248A51}.Debug|Any CPU.Build.0 = Debug|Any CPU
		{C1EFE3C4-D238-4EEE-A1BE-A3976D248A51}.Release|Any CPU.ActiveCfg = Release|Any CPU
		{C1EFE3C4-D238-4EEE-A1BE-A3976D248A51}.Release|Any CPU.Build.0 = Release|Any CPU
		{F0748F71-FD9F-4F64-82B9-C6C4E1DEBC16}.Debug|Any CPU.ActiveCfg = Debug|Any CPU
		{F0748F71-FD9F-4F64-82B9-C6C4E1DEBC16}.Debug|Any CPU.Build.0 = Debug|Any CPU
		{F0748F71-FD9F-4F64-82B9-C6C4E1DEBC16}.Release|Any CPU.ActiveCfg = Release|Any CPU
		{F0748F71-FD9F-4F64-82B9-C6C4E1DEBC16}.Release|Any CPU.Build.0 = Release|Any CPU
		{797B193E-5E5F-4FBD-BF98-74B36AA5929E}.Debug|Any CPU.ActiveCfg = Debug|Any CPU
		{797B193E-5E5F-4FBD-BF98-74B36AA5929E}.Debug|Any CPU.Build.0 = Debug|Any CPU
		{797B193E-5E5F-4FBD-BF98-74B36AA5929E}.Release|Any CPU.ActiveCfg = Release|Any CPU
		{797B193E-5E5F-4FBD-BF98-74B36AA5929E}.Release|Any CPU.Build.0 = Release|Any CPU
		{BEFA4821-B89E-4172-BEA0-E0D5AA4B5FCE}.Debug|Any CPU.ActiveCfg = Debug|Any CPU
		{BEFA4821-B89E-4172-BEA0-E0D5AA4B5FCE}.Debug|Any CPU.Build.0 = Debug|Any CPU
		{BEFA4821-B89E-4172-BEA0-E0D5AA4B5FCE}.Release|Any CPU.ActiveCfg = Release|Any CPU
		{BEFA4821-B89E-4172-BEA0-E0D5AA4B5FCE}.Release|Any CPU.Build.0 = Release|Any CPU
		{59B66FD9-4AC1-48BD-956D-F2135C81E087}.Debug|Any CPU.ActiveCfg = Debug|Any CPU
		{59B66FD9-4AC1-48BD-956D-F2135C81E087}.Debug|Any CPU.Build.0 = Debug|Any CPU
		{59B66FD9-4AC1-48BD-956D-F2135C81E087}.Release|Any CPU.ActiveCfg = Release|Any CPU
		{59B66FD9-4AC1-48BD-956D-F2135C81E087}.Release|Any CPU.Build.0 = Release|Any CPU
		{E6B0FF75-0431-435A-8D41-322E560C5078}.Debug|Any CPU.ActiveCfg = Debug|Any CPU
		{E6B0FF75-0431-435A-8D41-322E560C5078}.Debug|Any CPU.Build.0 = Debug|Any CPU
		{E6B0FF75-0431-435A-8D41-322E560C5078}.Release|Any CPU.ActiveCfg = Release|Any CPU
		{E6B0FF75-0431-435A-8D41-322E560C5078}.Release|Any CPU.Build.0 = Release|Any CPU
	EndGlobalSection
	GlobalSection(SolutionProperties) = preSolution
		HideSolutionNode = FALSE
	EndGlobalSection
	GlobalSection(NestedProjects) = preSolution
		{E6381D9D-D5DC-4BB8-A42C-4E8179678259} = {0DDF1508-45A0-4866-A9D8-4423722DDFC6}
		{3EEA1ADA-CBE0-40EE-BE95-6ABE2176FF27} = {453757EE-4474-4299-8594-25FD1F66F5BD}
		{4FD1299A-5951-4D45-A0C8-E0777098A85D} = {453757EE-4474-4299-8594-25FD1F66F5BD}
		{76E2B832-C534-40D2-B35B-C78549A89B11} = {453757EE-4474-4299-8594-25FD1F66F5BD}
		{3041EDC7-477A-4787-A5E3-C9C9A5F208C6} = {453757EE-4474-4299-8594-25FD1F66F5BD}
		{C1EFE3C4-D238-4EEE-A1BE-A3976D248A51} = {453757EE-4474-4299-8594-25FD1F66F5BD}
		{F0748F71-FD9F-4F64-82B9-C6C4E1DEBC16} = {453757EE-4474-4299-8594-25FD1F66F5BD}
		{797B193E-5E5F-4FBD-BF98-74B36AA5929E} = {8FCF061B-AFF3-4786-AC21-2ABB7A83BCB5}
		{BEFA4821-B89E-4172-BEA0-E0D5AA4B5FCE} = {8FCF061B-AFF3-4786-AC21-2ABB7A83BCB5}
		{59B66FD9-4AC1-48BD-956D-F2135C81E087} = {8FCF061B-AFF3-4786-AC21-2ABB7A83BCB5}
		{E6B0FF75-0431-435A-8D41-322E560C5078} = {8FCF061B-AFF3-4786-AC21-2ABB7A83BCB5}
	EndGlobalSection
	GlobalSection(ExtensibilityGlobals) = postSolution
		SolutionGuid = {11C3FB54-BCDA-4642-AFBC-4957C100A190}
	EndGlobalSection
EndGlobal
