
Microsoft Visual Studio Solution File, Format Version 12.00
# Visual Studio Version 16
VisualStudioVersion = 16.0.31424.327
MinimumVisualStudioVersion = 10.0.40219.1
Project("{FAE04EC0-301F-11D3-BF4B-00C04F79EFBC}") = "SimpleConsoleProject", "SimpleConsoleProject.csproj", "{42712DCD-1278-43D8-8AC3-058374F4C25D}"
EndProject
Global
	GlobalSection(SolutionConfigurationPlatforms) = preSolution
		Debug|Any CPU = Debug|Any CPU
		Release|Any CPU = Release|Any CPU
	EndGlobalSection
	GlobalSection(ProjectConfigurationPlatforms) = postSolution
		{42712DCD-1278-43D8-8AC3-058374F4C25D}.Debug|Any CPU.ActiveCfg = Debug|Any CPU
		{42712DCD-1278-43D8-8AC3-058374F4C25D}.Debug|Any CPU.Build.0 = Debug|Any CPU
		{42712DCD-1278-43D8-8AC3-058374F4C25D}.Release|Any CPU.ActiveCfg = Release|Any CPU
		{42712DCD-1278-43D8-8AC3-058374F4C25D}.Release|Any CPU.Build.0 = Release|Any CPU
	EndGlobalSection
	GlobalSection(SolutionProperties) = preSolution
		HideSolutionNode = FALSE
	EndGlobalSection
	GlobalSection(ExtensibilityGlobals) = postSolution
		SolutionGuid = {4310DDF3-BC4B-413C-BAC9-F5DA1044EDEB}
	EndGlobalSection
EndGlobal
